# This is a Gradle generated file for dependency locking.
# Manual edits can break the build and are not advised.
# This file is expected to be part of source control.
# To regenerate this file, run: ./gradlew :tools:onto-quality-cli:dependencies --write-locks
ai.djl.huggingface:tokenizers:0.38.0=runtimeClasspath,testRuntimeClasspath
ai.djl:api:0.38.0=runtimeClasspath,testRuntimeClasspath
ai.koog:agents-core-jvm:0.8.0=runtimeClasspath,testRuntimeClasspath
ai.koog:agents-core:0.8.0=runtimeClasspath,testRuntimeClasspath
ai.koog:agents-ext-jvm:0.8.0=runtimeClasspath,testRuntimeClasspath
ai.koog:agents-ext:0.8.0=runtimeClasspath,testRuntimeClasspath
ai.koog:agents-features-event-handler-jvm:0.8.0=runtimeClasspath,testRuntimeClasspath
ai.koog:agents-features-event-handler:0.8.0=runtimeClasspath,testRuntimeClasspath
ai.koog:agents-features-longterm-memory-jvm:0.8.0=runtimeClasspath,testRuntimeClasspath
ai.koog:agents-features-longterm-memory:0.8.0=runtimeClasspath,testRuntimeClasspath
ai.koog:agents-features-memory-jvm:0.8.0=runtimeClasspath,testRuntimeClasspath
ai.koog:agents-features-memory:0.8.0=runtimeClasspath,testRuntimeClasspath
ai.koog:agents-features-opentelemetry-jvm:0.8.0=runtimeClasspath,testRuntimeClasspath
ai.koog:agents-features-opentelemetry:0.8.0=runtimeClasspath,testRuntimeClasspath
ai.koog:agents-features-snapshot-jvm:0.8.0=runtimeClasspath,testRuntimeClasspath
ai.koog:agents-features-snapshot:0.8.0=runtimeClasspath,testRuntimeClasspath
ai.koog:agents-features-tokenizer-jvm:0.8.0=runtimeClasspath,testRuntimeClasspath
ai.koog:agents-features-tokenizer:0.8.0=runtimeClasspath,testRuntimeClasspath
ai.koog:agents-features-trace-jvm:0.8.0=runtimeClasspath,testRuntimeClasspath
ai.koog:agents-features-trace:0.8.0=runtimeClasspath,testRuntimeClasspath
ai.koog:agents-mcp-jvm:0.8.0=runtimeClasspath,testRuntimeClasspath
ai.koog:agents-mcp-metadata-jvm:0.8.0=runtimeClasspath,testRuntimeClasspath
ai.koog:agents-mcp-metadata:0.8.0=runtimeClasspath,testRuntimeClasspath
ai.koog:agents-mcp:0.8.0=runtimeClasspath,testRuntimeClasspath
ai.koog:agents-tools-jvm:0.8.0=runtimeClasspath,testRuntimeClasspath
ai.koog:agents-tools:0.8.0=runtimeClasspath,testRuntimeClasspath
ai.koog:agents-utils-jvm:0.8.0=runtimeClasspath,testRuntimeClasspath
ai.koog:agents-utils:0.8.0=runtimeClasspath,testRuntimeClasspath
ai.koog:embeddings-base-jvm:0.8.0=runtimeClasspath,testRuntimeClasspath
ai.koog:embeddings-base:0.8.0=runtimeClasspath,testRuntimeClasspath
ai.koog:embeddings-llm-jvm:0.8.0=runtimeClasspath,testRuntimeClasspath
ai.koog:embeddings-llm:0.8.0=runtimeClasspath,testRuntimeClasspath
ai.koog:http-client-core-jvm:0.8.0=runtimeClasspath,testRuntimeClasspath
ai.koog:http-client-core:0.8.0=runtimeClasspath,testRuntimeClasspath
ai.koog:http-client-ktor-jvm:0.8.0=runtimeClasspath,testRuntimeClasspath
ai.koog:http-client-ktor:0.8.0=runtimeClasspath,testRuntimeClasspath
ai.koog:koog-agents-jvm:0.8.0=runtimeClasspath,testRuntimeClasspath
ai.koog:koog-agents:0.8.0=runtimeClasspath,testRuntimeClasspath
ai.koog:prompt-cache-files-jvm:0.8.0=runtimeClasspath,testRuntimeClasspath
ai.koog:prompt-cache-files:0.8.0=runtimeClasspath,testRuntimeClasspath
ai.koog:prompt-cache-model-jvm:0.8.0=runtimeClasspath,testRuntimeClasspath
ai.koog:prompt-cache-model:0.8.0=runtimeClasspath,testRuntimeClasspath
ai.koog:prompt-cache-redis-jvm:0.8.0=runtimeClasspath,testRuntimeClasspath
ai.koog:prompt-cache-redis:0.8.0=runtimeClasspath,testRuntimeClasspath
ai.koog:prompt-executor-anthropic-client-jvm:0.8.0=runtimeClasspath,testRuntimeClasspath
ai.koog:prompt-executor-anthropic-client:0.8.0=runtimeClasspath,testRuntimeClasspath
ai.koog:prompt-executor-bedrock-client-jvm:0.8.0=runtimeClasspath,testRuntimeClasspath
ai.koog:prompt-executor-bedrock-client:0.8.0=runtimeClasspath,testRuntimeClasspath
ai.koog:prompt-executor-cached-jvm:0.8.0=runtimeClasspath,testRuntimeClasspath
ai.koog:prompt-executor-cached:0.8.0=runtimeClasspath,testRuntimeClasspath
ai.koog:prompt-executor-clients-jvm:0.8.0=runtimeClasspath,testRuntimeClasspath
ai.koog:prompt-executor-clients:0.8.0=runtimeClasspath,testRuntimeClasspath
ai.koog:prompt-executor-dashscope-client-jvm:0.8.0=runtimeClasspath,testRuntimeClasspath
ai.koog:prompt-executor-dashscope-client:0.8.0=runtimeClasspath,testRuntimeClasspath
ai.koog:prompt-executor-deepseek-client-jvm:0.8.0=runtimeClasspath,testRuntimeClasspath
ai.koog:prompt-executor-deepseek-client:0.8.0=runtimeClasspath,testRuntimeClasspath
ai.koog:prompt-executor-google-client-jvm:0.8.0=runtimeClasspath,testRuntimeClasspath
ai.koog:prompt-executor-google-client:0.8.0=runtimeClasspath,testRuntimeClasspath
ai.koog:prompt-executor-llms-all-jvm:0.8.0=runtimeClasspath,testRuntimeClasspath
ai.koog:prompt-executor-llms-all:0.8.0=runtimeClasspath,testRuntimeClasspath
ai.koog:prompt-executor-mistralai-client-jvm:0.8.0=runtimeClasspath,testRuntimeClasspath
ai.koog:prompt-executor-mistralai-client:0.8.0=runtimeClasspath,testRuntimeClasspath
ai.koog:prompt-executor-model-jvm:0.8.0=runtimeClasspath,testRuntimeClasspath
ai.koog:prompt-executor-model:0.8.0=runtimeClasspath,testRuntimeClasspath
ai.koog:prompt-executor-ollama-client-jvm:0.8.0=runtimeClasspath,testRuntimeClasspath
ai.koog:prompt-executor-ollama-client:0.8.0=runtimeClasspath,testRuntimeClasspath
ai.koog:prompt-executor-openai-client-base-jvm:0.8.0=runtimeClasspath,testRuntimeClasspath
ai.koog:prompt-executor-openai-client-base:0.8.0=runtimeClasspath,testRuntimeClasspath
ai.koog:prompt-executor-openai-client-jvm:0.8.0=runtimeClasspath,testRuntimeClasspath
ai.koog:prompt-executor-openai-client:0.8.0=runtimeClasspath,testRuntimeClasspath
ai.koog:prompt-executor-openrouter-client-jvm:0.8.0=runtimeClasspath,testRuntimeClasspath
ai.koog:prompt-executor-openrouter-client:0.8.0=runtimeClasspath,testRuntimeClasspath
ai.koog:prompt-llm-jvm:0.8.0=runtimeClasspath,testRuntimeClasspath
ai.koog:prompt-llm:0.8.0=runtimeClasspath,testRuntimeClasspath
ai.koog:prompt-markdown-jvm:0.8.0=runtimeClasspath,testRuntimeClasspath
ai.koog:prompt-markdown:0.8.0=runtimeClasspath,testRuntimeClasspath
ai.koog:prompt-model-jvm:0.8.0=runtimeClasspath,testRuntimeClasspath
ai.koog:prompt-model:0.8.0=runtimeClasspath,testRuntimeClasspath
ai.koog:prompt-processor-jvm:0.8.0=runtimeClasspath,testRuntimeClasspath
ai.koog:prompt-processor:0.8.0=runtimeClasspath,testRuntimeClasspath
ai.koog:prompt-structure-jvm:0.8.0=runtimeClasspath,testRuntimeClasspath
ai.koog:prompt-structure:0.8.0=runtimeClasspath,testRuntimeClasspath
ai.koog:prompt-tokenizer-jvm:0.8.0=runtimeClasspath,testRuntimeClasspath
ai.koog:prompt-tokenizer:0.8.0=runtimeClasspath,testRuntimeClasspath
ai.koog:prompt-xml-jvm:0.8.0=runtimeClasspath,testRuntimeClasspath
ai.koog:prompt-xml:0.8.0=runtimeClasspath,testRuntimeClasspath
ai.koog:rag-base-jvm:0.8.0=runtimeClasspath,testRuntimeClasspath
ai.koog:rag-base:0.8.0=runtimeClasspath,testRuntimeClasspath
ai.koog:rag-vector-jvm:0.8.0=runtimeClasspath,testRuntimeClasspath
ai.koog:rag-vector:0.8.0=runtimeClasspath,testRuntimeClasspath
ai.koog:serialization-core-jvm:0.8.0=runtimeClasspath,testRuntimeClasspath
ai.koog:serialization-core:0.8.0=runtimeClasspath,testRuntimeClasspath
ai.koog:serialization-jackson:0.8.0=runtimeClasspath,testRuntimeClasspath
ai.koog:utils-jvm:0.8.0=runtimeClasspath,testRuntimeClasspath
ai.koog:utils:0.8.0=runtimeClasspath,testRuntimeClasspath
aws.sdk.kotlin:aws-config-jvm:1.6.17=runtimeClasspath,testRuntimeClasspath
aws.sdk.kotlin:aws-config:1.6.17=runtimeClasspath,testRuntimeClasspath
aws.sdk.kotlin:aws-core-jvm:1.6.17=runtimeClasspath,testRuntimeClasspath
aws.sdk.kotlin:aws-core:1.6.17=runtimeClasspath,testRuntimeClasspath
aws.sdk.kotlin:aws-endpoint-jvm:1.6.17=runtimeClasspath,testRuntimeClasspath
aws.sdk.kotlin:aws-endpoint:1.6.17=runtimeClasspath,testRuntimeClasspath
aws.sdk.kotlin:aws-http-jvm:1.6.17=runtimeClasspath,testRuntimeClasspath
aws.sdk.kotlin:aws-http:1.6.17=runtimeClasspath,testRuntimeClasspath
aws.sdk.kotlin:bedrockruntime-jvm:1.6.17=runtimeClasspath,testRuntimeClasspath
aws.sdk.kotlin:bedrockruntime:1.6.17=runtimeClasspath,testRuntimeClasspath
aws.smithy.kotlin:aws-credentials-jvm:1.6.2=runtimeClasspath,testRuntimeClasspath
aws.smithy.kotlin:aws-credentials:1.6.2=runtimeClasspath,testRuntimeClasspath
aws.smithy.kotlin:aws-event-stream-jvm:1.6.2=runtimeClasspath,testRuntimeClasspath
aws.smithy.kotlin:aws-event-stream:1.6.2=runtimeClasspath,testRuntimeClasspath
aws.smithy.kotlin:aws-json-protocols-jvm:1.6.2=runtimeClasspath,testRuntimeClasspath
aws.smithy.kotlin:aws-json-protocols:1.6.2=runtimeClasspath,testRuntimeClasspath
aws.smithy.kotlin:aws-protocol-core-jvm:1.6.2=runtimeClasspath,testRuntimeClasspath
aws.smithy.kotlin:aws-protocol-core:1.6.2=runtimeClasspath,testRuntimeClasspath
aws.smithy.kotlin:aws-signing-common-jvm:1.6.2=runtimeClasspath,testRuntimeClasspath
aws.smithy.kotlin:aws-signing-common:1.6.2=runtimeClasspath,testRuntimeClasspath
aws.smithy.kotlin:aws-signing-default-jvm:1.6.2=runtimeClasspath,testRuntimeClasspath
aws.smithy.kotlin:aws-signing-default:1.6.2=runtimeClasspath,testRuntimeClasspath
aws.smithy.kotlin:aws-xml-protocols-jvm:1.6.2=runtimeClasspath,testRuntimeClasspath
aws.smithy.kotlin:aws-xml-protocols:1.6.2=runtimeClasspath,testRuntimeClasspath
aws.smithy.kotlin:http-auth-api-jvm:1.6.2=runtimeClasspath,testRuntimeClasspath
aws.smithy.kotlin:http-auth-api:1.6.2=runtimeClasspath,testRuntimeClasspath
aws.smithy.kotlin:http-auth-aws-jvm:1.6.2=runtimeClasspath,testRuntimeClasspath
aws.smithy.kotlin:http-auth-aws:1.6.2=runtimeClasspath,testRuntimeClasspath
aws.smithy.kotlin:http-auth-jvm:1.6.2=runtimeClasspath,testRuntimeClasspath
aws.smithy.kotlin:http-auth:1.6.2=runtimeClasspath,testRuntimeClasspath
aws.smithy.kotlin:http-client-engine-default-jvm:1.6.2=runtimeClasspath,testRuntimeClasspath
aws.smithy.kotlin:http-client-engine-default:1.6.2=runtimeClasspath,testRuntimeClasspath
aws.smithy.kotlin:http-client-engine-okhttp-jvm:1.6.2=runtimeClasspath,testRuntimeClasspath
aws.smithy.kotlin:http-client-engine-okhttp:1.6.2=runtimeClasspath,testRuntimeClasspath
aws.smithy.kotlin:http-client-jvm:1.6.2=runtimeClasspath,testRuntimeClasspath
aws.smithy.kotlin:http-client:1.6.2=runtimeClasspath,testRuntimeClasspath
aws.smithy.kotlin:http-jvm:1.6.2=runtimeClasspath,testRuntimeClasspath
aws.smithy.kotlin:http:1.6.2=runtimeClasspath,testRuntimeClasspath
aws.smithy.kotlin:identity-api-jvm:1.6.2=runtimeClasspath,testRuntimeClasspath
aws.smithy.kotlin:identity-api:1.6.2=runtimeClasspath,testRuntimeClasspath
aws.smithy.kotlin:logging-slf4j2-jvm:1.6.2=runtimeClasspath,testRuntimeClasspath
aws.smithy.kotlin:logging-slf4j2:1.6.2=runtimeClasspath,testRuntimeClasspath
aws.smithy.kotlin:runtime-core-jvm:1.6.2=runtimeClasspath,testRuntimeClasspath
aws.smithy.kotlin:runtime-core:1.6.2=runtimeClasspath,testRuntimeClasspath
aws.smithy.kotlin:serde-form-url-jvm:1.6.2=runtimeClasspath,testRuntimeClasspath
aws.smithy.kotlin:serde-form-url:1.6.2=runtimeClasspath,testRuntimeClasspath
aws.smithy.kotlin:serde-json-jvm:1.6.2=runtimeClasspath,testRuntimeClasspath
aws.smithy.kotlin:serde-json:1.6.2=runtimeClasspath,testRuntimeClasspath
aws.smithy.kotlin:serde-jvm:1.6.2=runtimeClasspath,testRuntimeClasspath
aws.smithy.kotlin:serde-xml-jvm:1.6.2=runtimeClasspath,testRuntimeClasspath
aws.smithy.kotlin:serde-xml:1.6.2=runtimeClasspath,testRuntimeClasspath
aws.smithy.kotlin:serde:1.6.2=runtimeClasspath,testRuntimeClasspath
aws.smithy.kotlin:smithy-client-jvm:1.6.2=runtimeClasspath,testRuntimeClasspath
aws.smithy.kotlin:smithy-client:1.6.2=runtimeClasspath,testRuntimeClasspath
aws.smithy.kotlin:telemetry-api-jvm:1.6.2=runtimeClasspath,testRuntimeClasspath
aws.smithy.kotlin:telemetry-api:1.6.2=runtimeClasspath,testRuntimeClasspath
aws.smithy.kotlin:telemetry-defaults-jvm:1.6.2=runtimeClasspath,testRuntimeClasspath
aws.smithy.kotlin:telemetry-defaults:1.6.2=runtimeClasspath,testRuntimeClasspath
com.apicatalog:titanium-jcs:1.1.1=compileClasspath,runtimeClasspath,testCompileClasspath,testRuntimeClasspath
com.apicatalog:titanium-json-ld:1.7.0=compileClasspath,runtimeClasspath,testCompileClasspath,testRuntimeClasspath
com.apicatalog:titanium-rdf-api:1.0.0=compileClasspath,runtimeClasspath,testCompileClasspath,testRuntimeClasspath
com.apicatalog:titanium-rdf-n-quads:1.0.2=compileClasspath,runtimeClasspath,testCompileClasspath,testRuntimeClasspath
com.fasterxml.jackson.core:jackson-annotations:2.22=dokkaHtmlGeneratorRuntimeResolver~internal,runtimeClasspath,testRuntimeClasspath
com.fasterxml.jackson.core:jackson-core:2.22.3=dokkaHtmlGeneratorRuntimeResolver~internal,runtimeClasspath,testRuntimeClasspath
com.fasterxml.jackson.core:jackson-databind:2.22.3=dokkaHtmlGeneratorRuntimeResolver~internal,runtimeClasspath,testRuntimeClasspath
com.fasterxml.jackson.dataformat:jackson-dataformat-xml:2.22.3=dokkaHtmlGeneratorRuntimeResolver~internal
com.fasterxml.jackson.module:jackson-module-kotlin:2.22.3=dokkaHtmlGeneratorRuntimeResolver~internal,runtimeClasspath,testRuntimeClasspath
com.fasterxml.jackson:jackson-bom:2.22.3=compileClasspath,cyclonedxBom,dokkaHtmlGeneratorRuntimeResolver~internal,runtimeClasspath,testCompileClasspath,testRuntimeClasspath
com.fasterxml.woodstox:woodstox-core:7.2.0=dokkaHtmlGeneratorRuntimeResolver~internal
com.github.ajalt.clikt:clikt-core-jvm:5.1.0=compileClasspath,runtimeClasspath,testCompileClasspath,testRuntimeClasspath
com.github.ajalt.clikt:clikt-core:5.1.0=compileClasspath,runtimeClasspath,testCompileClasspath,testRuntimeClasspath
com.github.ajalt.clikt:clikt-jvm:5.1.0=compileClasspath,runtimeClasspath,testCompileClasspath,testRuntimeClasspath
com.github.ajalt.clikt:clikt:5.1.0=compileClasspath,runtimeClasspath,testCompileClasspath,testRuntimeClasspath
com.github.ajalt.colormath:colormath-jvm:3.6.0=compileClasspath,runtimeClasspath,testCompileClasspath,testRuntimeClasspath
com.github.ajalt.colormath:colormath:3.6.0=compileClasspath,runtimeClasspath,testCompileClasspath,testRuntimeClasspath
com.github.ajalt.mordant:mordant-core-jvm:3.0.2=compileClasspath,runtimeClasspath,testCompileClasspath,testRuntimeClasspath
com.github.ajalt.mordant:mordant-core:3.0.2=compileClasspath,runtimeClasspath,testCompileClasspath,testRuntimeClasspath
com.github.ajalt.mordant:mordant-jvm-ffm-jvm:3.0.2=runtimeClasspath,testRuntimeClasspath
com.github.ajalt.mordant:mordant-jvm-ffm:3.0.2=runtimeClasspath,testRuntimeClasspath
com.github.ajalt.mordant:mordant-jvm-graal-ffi-jvm:3.0.2=runtimeClasspath,testRuntimeClasspath
com.github.ajalt.mordant:mordant-jvm-graal-ffi:3.0.2=runtimeClasspath,testRuntimeClasspath
com.github.ajalt.mordant:mordant-jvm-jna-jvm:3.0.2=runtimeClasspath,testRuntimeClasspath
com.github.ajalt.mordant:mordant-jvm-jna:3.0.2=runtimeClasspath,testRuntimeClasspath
com.github.ajalt.mordant:mordant-jvm:3.0.2=compileClasspath,runtimeClasspath,testCompileClasspath,testRuntimeClasspath
com.github.ajalt.mordant:mordant:3.0.2=compileClasspath,runtimeClasspath,testCompileClasspath,testRuntimeClasspath
com.github.andrewoma.dexx:collection:0.7=compileClasspath,runtimeClasspath,testCompileClasspath,testRuntimeClasspath
com.github.ben-manes.caffeine:caffeine:3.2.4=compileClasspath,runtimeClasspath,testCompileClasspath,testRuntimeClasspath
com.github.jsonld-java:jsonld-java:0.12.0=runtimeClasspath,testRuntimeClasspath
com.github.vsonnier:hppcrt:0.7.5=runtimeClasspath,testRuntimeClasspath
com.google.code.findbugs:jsr305:3.0.2=runtimeClasspath,testRuntimeClasspath
com.google.code.gson:gson:2.14.0=compileClasspath,runtimeClasspath,testCompileClasspath,testRuntimeClasspath
com.google.errorprone:error_prone_annotations:2.48.0=compileClasspath,testCompileClasspath
com.google.errorprone:error_prone_annotations:2.50.0=runtimeClasspath,testRuntimeClasspath
com.google.guava:failureaccess:1.0.3=runtimeClasspath,testRuntimeClasspath
com.google.guava:guava:33.7.1-jre=runtimeClasspath,testRuntimeClasspath
com.google.guava:listenablefuture:9999.0-empty-to-avoid-conflict-with-guava=runtimeClasspath,testRuntimeClasspath
com.google.j2objc:j2objc-annotations:3.1=runtimeClasspath,testRuntimeClasspath
com.google.protobuf:protobuf-java:4.35.1=compileClasspath,runtimeClasspath,testCompileClasspath,testRuntimeClasspath
com.microsoft.onnxruntime:onnxruntime:1.30.0=runtimeClasspath,testRuntimeClasspath
com.squareup.okhttp3:okhttp-coroutines:5.3.2=runtimeClasspath,testRuntimeClasspath
com.squareup.okhttp3:okhttp-jvm:5.5.0=runtimeClasspath,testRuntimeClasspath
com.squareup.okhttp3:okhttp:5.5.0=runtimeClasspath,testRuntimeClasspath
com.squareup.okio:okio-jvm:3.18.1=runtimeClasspath,testRuntimeClasspath
com.squareup.okio:okio:3.18.1=runtimeClasspath,testRuntimeClasspath
com.typesafe:config:1.4.3=runtimeClasspath,testRuntimeClasspath
commons-codec:commons-codec:1.22.0=compileClasspath,runtimeClasspath,testCompileClasspath,testRuntimeClasspath
commons-io:commons-io:2.22.0=compileClasspath,runtimeClasspath,testCompileClasspath,testRuntimeClasspath
commons-logging:commons-logging:1.1.3=runtimeClasspath,testRuntimeClasspath
dk.brics.automaton:automaton:1.11-8=runtimeClasspath,testRuntimeClasspath
gnu.getopt:java-getopt:1.0.13=runtimeClasspath,testRuntimeClasspath
io.github.java-diff-utils:java-diff-utils:4.12=kotlinInternalAbiValidation
io.github.oshai:kotlin-logging-jvm:8.0.01=runtimeClasspath,testRuntimeClasspath
io.github.oshai:kotlin-logging:8.0.01=runtimeClasspath,testRuntimeClasspath
io.ktor:ktor-client-apache5-jvm:3.2.2=runtimeClasspath,testRuntimeClasspath
io.ktor:ktor-client-apache5:3.2.2=runtimeClasspath,testRuntimeClasspath
io.ktor:ktor-client-cio-jvm:3.2.2=runtimeClasspath,testRuntimeClasspath
io.ktor:ktor-client-cio:3.2.2=runtimeClasspath,testRuntimeClasspath
io.ktor:ktor-client-content-negotiation-jvm:3.2.2=runtimeClasspath,testRuntimeClasspath
io.ktor:ktor-client-content-negotiation:3.2.2=runtimeClasspath,testRuntimeClasspath
io.ktor:ktor-client-core-jvm:3.2.3=runtimeClasspath,testRuntimeClasspath
io.ktor:ktor-client-core:3.2.3=runtimeClasspath,testRuntimeClasspath
io.ktor:ktor-client-logging-jvm:3.2.2=runtimeClasspath,testRuntimeClasspath
io.ktor:ktor-client-logging:3.2.2=runtimeClasspath,testRuntimeClasspath
io.ktor:ktor-events-jvm:3.2.3=runtimeClasspath,testRuntimeClasspath
io.ktor:ktor-events:3.2.3=runtimeClasspath,testRuntimeClasspath
io.ktor:ktor-http-cio-jvm:3.2.3=runtimeClasspath,testRuntimeClasspath
io.ktor:ktor-http-cio:3.2.3=runtimeClasspath,testRuntimeClasspath
io.ktor:ktor-http-jvm:3.2.3=runtimeClasspath,testRuntimeClasspath
io.ktor:ktor-http:3.2.3=runtimeClasspath,testRuntimeClasspath
io.ktor:ktor-io-jvm:3.2.3=runtimeClasspath,testRuntimeClasspath
io.ktor:ktor-io:3.2.3=runtimeClasspath,testRuntimeClasspath
io.ktor:ktor-network-jvm:3.2.3=runtimeClasspath,testRuntimeClasspath
io.ktor:ktor-network-tls-jvm:3.2.2=runtimeClasspath,testRuntimeClasspath
io.ktor:ktor-network-tls:3.2.2=runtimeClasspath,testRuntimeClasspath
io.ktor:ktor-network:3.2.3=runtimeClasspath,testRuntimeClasspath
io.ktor:ktor-serialization-jvm:3.2.3=runtimeClasspath,testRuntimeClasspath
io.ktor:ktor-serialization-kotlinx-json-jvm:3.2.2=runtimeClasspath,testRuntimeClasspath
io.ktor:ktor-serialization-kotlinx-json:3.2.2=runtimeClasspath,testRuntimeClasspath
io.ktor:ktor-serialization-kotlinx-jvm:3.2.2=runtimeClasspath,testRuntimeClasspath
io.ktor:ktor-serialization-kotlinx:3.2.2=runtimeClasspath,testRuntimeClasspath
io.ktor:ktor-serialization:3.2.3=runtimeClasspath,testRuntimeClasspath
io.ktor:ktor-server-cio-jvm:3.2.2=runtimeClasspath,testRuntimeClasspath
io.ktor:ktor-server-cio:3.2.2=runtimeClasspath,testRuntimeClasspath
io.ktor:ktor-server-core-jvm:3.2.3=runtimeClasspath,testRuntimeClasspath
io.ktor:ktor-server-core:3.2.3=runtimeClasspath,testRuntimeClasspath
io.ktor:ktor-server-sse-jvm:3.2.2=runtimeClasspath,testRuntimeClasspath
io.ktor:ktor-server-sse:3.2.2=runtimeClasspath,testRuntimeClasspath
io.ktor:ktor-server-websockets-jvm:3.2.3=runtimeClasspath,testRuntimeClasspath
io.ktor:ktor-server-websockets:3.2.3=runtimeClasspath,testRuntimeClasspath
io.ktor:ktor-sse-jvm:3.2.3=runtimeClasspath,testRuntimeClasspath
io.ktor:ktor-sse:3.2.3=runtimeClasspath,testRuntimeClasspath
io.ktor:ktor-utils-jvm:3.2.3=runtimeClasspath,testRuntimeClasspath
io.ktor:ktor-utils:3.2.3=runtimeClasspath,testRuntimeClasspath
io.ktor:ktor-websocket-serialization-jvm:3.2.3=runtimeClasspath,testRuntimeClasspath
io.ktor:ktor-websocket-serialization:3.2.3=runtimeClasspath,testRuntimeClasspath
io.ktor:ktor-websockets-jvm:3.2.3=runtimeClasspath,testRuntimeClasspath
io.ktor:ktor-websockets:3.2.3=runtimeClasspath,testRuntimeClasspath
io.lettuce:lettuce-core:7.2.1.RELEASE=runtimeClasspath,testRuntimeClasspath
io.modelcontextprotocol:kotlin-sdk-client-jvm:0.8.1=runtimeClasspath,testRuntimeClasspath
io.modelcontextprotocol:kotlin-sdk-client:0.8.1=runtimeClasspath,testRuntimeClasspath
io.modelcontextprotocol:kotlin-sdk-core-jvm:0.8.1=runtimeClasspath,testRuntimeClasspath
io.modelcontextprotocol:kotlin-sdk-core:0.8.1=runtimeClasspath,testRuntimeClasspath
io.netty:netty-bom:4.2.18.Final=compileClasspath,cyclonedxBom,runtimeClasspath,testCompileClasspath,testRuntimeClasspath
io.netty:netty-buffer:4.2.18.Final=runtimeClasspath,testRuntimeClasspath
io.netty:netty-codec-base:4.2.18.Final=runtimeClasspath,testRuntimeClasspath
io.netty:netty-codec-dns:4.2.18.Final=runtimeClasspath,testRuntimeClasspath
io.netty:netty-common:4.2.18.Final=runtimeClasspath,testRuntimeClasspath
io.netty:netty-handler:4.2.18.Final=runtimeClasspath,testRuntimeClasspath
io.netty:netty-resolver-dns:4.2.18.Final=runtimeClasspath,testRuntimeClasspath
io.netty:netty-resolver:4.2.18.Final=runtimeClasspath,testRuntimeClasspath
io.netty:netty-transport-native-unix-common:4.2.18.Final=runtimeClasspath,testRuntimeClasspath
io.netty:netty-transport:4.2.18.Final=runtimeClasspath,testRuntimeClasspath
io.opentelemetry:opentelemetry-api:1.66.0=runtimeClasspath,testRuntimeClasspath
io.opentelemetry:opentelemetry-bom:1.66.0=compileClasspath,cyclonedxBom,runtimeClasspath,testCompileClasspath,testRuntimeClasspath
io.opentelemetry:opentelemetry-common:1.66.0=runtimeClasspath,testRuntimeClasspath
io.opentelemetry:opentelemetry-context:1.66.0=runtimeClasspath,testRuntimeClasspath
io.opentelemetry:opentelemetry-exporter-common:1.66.0=runtimeClasspath,testRuntimeClasspath
io.opentelemetry:opentelemetry-exporter-logging:1.66.0=runtimeClasspath,testRuntimeClasspath
io.opentelemetry:opentelemetry-exporter-otlp-common:1.66.0=runtimeClasspath,testRuntimeClasspath
io.opentelemetry:opentelemetry-exporter-otlp:1.66.0=runtimeClasspath,testRuntimeClasspath
io.opentelemetry:opentelemetry-exporter-sender-okhttp:1.66.0=runtimeClasspath,testRuntimeClasspath
io.opentelemetry:opentelemetry-sdk-common:1.66.0=runtimeClasspath,testRuntimeClasspath
io.opentelemetry:opentelemetry-sdk-logs:1.66.0=runtimeClasspath,testRuntimeClasspath
io.opentelemetry:opentelemetry-sdk-metrics:1.66.0=runtimeClasspath,testRuntimeClasspath
io.opentelemetry:opentelemetry-sdk-trace:1.66.0=runtimeClasspath,testRuntimeClasspath
io.opentelemetry:opentelemetry-sdk:1.66.0=runtimeClasspath,testRuntimeClasspath
io.projectreactor:reactor-core:3.6.6=runtimeClasspath,testRuntimeClasspath
javax.inject:javax.inject:1=runtimeClasspath,testRuntimeClasspath
jaxen:jaxen:1.1.4=runtimeClasspath,testRuntimeClasspath
net.java.dev.jna:jna:5.17.0=runtimeClasspath,testRuntimeClasspath
net.sf.trove4j:trove4j:3.0.3=runtimeClasspath,testRuntimeClasspath
net.sourceforge.owlapi:org.semanticweb.hermit:1.4.5.519=runtimeClasspath,testRuntimeClasspath
net.sourceforge.owlapi:owlapi-api:5.1.9=runtimeClasspath,testRuntimeClasspath
net.sourceforge.owlapi:owlapi-apibinding:5.1.9=runtimeClasspath,testRuntimeClasspath
net.sourceforge.owlapi:owlapi-compatibility:5.1.9=runtimeClasspath,testRuntimeClasspath
net.sourceforge.owlapi:owlapi-distribution:5.1.9=runtimeClasspath,testRuntimeClasspath
net.sourceforge.owlapi:owlapi-impl:5.1.9=runtimeClasspath,testRuntimeClasspath
net.sourceforge.owlapi:owlapi-oboformat:5.1.9=runtimeClasspath,testRuntimeClasspath
net.sourceforge.owlapi:owlapi-parsers:5.1.9=runtimeClasspath,testRuntimeClasspath
net.sourceforge.owlapi:owlapi-rio:5.1.9=runtimeClasspath,testRuntimeClasspath
net.sourceforge.owlapi:owlapi-tools:5.1.9=runtimeClasspath,testRuntimeClasspath
org.apache.commons:commons-collections4:4.5.0=compileClasspath,runtimeClasspath,testCompileClasspath,testRuntimeClasspath
org.apache.commons:commons-compress:1.28.0=compileClasspath,runtimeClasspath,testCompileClasspath,testRuntimeClasspath
org.apache.commons:commons-csv:1.14.1=compileClasspath,runtimeClasspath,testCompileClasspath,testRuntimeClasspath
org.apache.commons:commons-lang3:3.20.0=compileClasspath,runtimeClasspath,testCompileClasspath,testRuntimeClasspath
org.apache.commons:commons-rdf-api:0.5.0=runtimeClasspath,testRuntimeClasspath
org.apache.geronimo.specs:geronimo-activation_1.1_spec:1.1=runtimeClasspath,testRuntimeClasspath
org.apache.geronimo.specs:geronimo-javamail_1.4_spec:1.7.1=runtimeClasspath,testRuntimeClasspath
org.apache.geronimo.specs:geronimo-stax-api_1.0_spec:1.0.1=runtimeClasspath,testRuntimeClasspath
org.apache.httpcomponents.client5:httpclient5:5.6.4=runtimeClasspath,testRuntimeClasspath
org.apache.httpcomponents.core5:httpcore5-h2:5.4.4=runtimeClasspath,testRuntimeClasspath
org.apache.httpcomponents.core5:httpcore5:5.4.4=runtimeClasspath,testRuntimeClasspath
org.apache.httpcomponents:fluent-hc:4.5.5=runtimeClasspath,testRuntimeClasspath
org.apache.httpcomponents:httpclient-cache:4.5.5=runtimeClasspath,testRuntimeClasspath
org.apache.httpcomponents:httpclient-osgi:4.5.5=runtimeClasspath,testRuntimeClasspath
org.apache.httpcomponents:httpclient:4.5.14=runtimeClasspath,testRuntimeClasspath
org.apache.httpcomponents:httpcore-nio:4.4.9=runtimeClasspath,testRuntimeClasspath
org.apache.httpcomponents:httpcore-osgi:4.4.9=runtimeClasspath,testRuntimeClasspath
org.apache.httpcomponents:httpcore:4.4.16=runtimeClasspath,testRuntimeClasspath
org.apache.httpcomponents:httpmime:4.5.5=runtimeClasspath,testRuntimeClasspath
org.apache.james:apache-mime4j-core:0.8.15=runtimeClasspath,testRuntimeClasspath
org.apache.jena:apache-jena-libs:6.2.0=compileClasspath,runtimeClasspath,testCompileClasspath,testRuntimeClasspath
org.apache.jena:jena-arq:6.2.0=compileClasspath,runtimeClasspath,testCompileClasspath,testRuntimeClasspath
org.apache.jena:jena-base:6.2.0=compileClasspath,runtimeClasspath,testCompileClasspath,testRuntimeClasspath
org.apache.jena:jena-core:6.2.0=compileClasspath,runtimeClasspath,testCompileClasspath,testRuntimeClasspath
org.apache.jena:jena-dboe-base:6.2.0=compileClasspath,runtimeClasspath,testCompileClasspath,testRuntimeClasspath
org.apache.jena:jena-dboe-index:6.2.0=compileClasspath,runtimeClasspath,testCompileClasspath,testRuntimeClasspath
org.apache.jena:jena-dboe-storage:6.2.0=compileClasspath,runtimeClasspath,testCompileClasspath,testRuntimeClasspath
org.apache.jena:jena-dboe-trans-data:6.2.0=compileClasspath,runtimeClasspath,testCompileClasspath,testRuntimeClasspath
org.apache.jena:jena-dboe-transaction:6.2.0=compileClasspath,runtimeClasspath,testCompileClasspath,testRuntimeClasspath
org.apache.jena:jena-iri3986:6.2.0=compileClasspath,runtimeClasspath,testCompileClasspath,testRuntimeClasspath
org.apache.jena:jena-langtag:6.2.0=compileClasspath,runtimeClasspath,testCompileClasspath,testRuntimeClasspath
org.apache.jena:jena-ontapi:6.2.0=compileClasspath,runtimeClasspath,testCompileClasspath,testRuntimeClasspath
org.apache.jena:jena-rdfconnection:6.2.0=compileClasspath,runtimeClasspath,testCompileClasspath,testRuntimeClasspath
org.apache.jena:jena-rdfpatch:6.2.0=compileClasspath,runtimeClasspath,testCompileClasspath,testRuntimeClasspath
org.apache.jena:jena-shacl:6.2.0=compileClasspath,runtimeClasspath,testCompileClasspath,testRuntimeClasspath
org.apache.jena:jena-shex:6.2.0=compileClasspath,runtimeClasspath,testCompileClasspath,testRuntimeClasspath
org.apache.jena:jena-tdb1:6.2.0=compileClasspath,runtimeClasspath,testCompileClasspath,testRuntimeClasspath
org.apache.jena:jena-tdb2:6.2.0=compileClasspath,runtimeClasspath,testCompileClasspath,testRuntimeClasspath
org.apache.thrift:libthrift:0.24.0=compileClasspath,runtimeClasspath,testCompileClasspath,testRuntimeClasspath
org.apache.ws.commons.axiom:axiom-api:1.2.14=runtimeClasspath,testRuntimeClasspath
org.apache.ws.commons.axiom:axiom-c14n:1.2.14=runtimeClasspath,testRuntimeClasspath
org.apache.ws.commons.axiom:axiom-dom:1.2.14=runtimeClasspath,testRuntimeClasspath
org.apache.ws.commons.axiom:axiom-impl:1.2.14=runtimeClasspath,testRuntimeClasspath
org.apiguardian:apiguardian-api:1.1.2=testCompileClasspath
org.codehaus.woodstox:stax2-api:3.1.1=runtimeClasspath,testRuntimeClasspath
org.codehaus.woodstox:stax2-api:4.3.0=dokkaHtmlGeneratorRuntimeResolver~internal
org.codehaus.woodstox:woodstox-core-asl:4.1.4=runtimeClasspath,testRuntimeClasspath
org.eclipse.rdf4j:rdf4j-model:2.3.2=runtimeClasspath,testRuntimeClasspath
org.eclipse.rdf4j:rdf4j-rio-api:2.3.2=runtimeClasspath,testRuntimeClasspath
org.eclipse.rdf4j:rdf4j-rio-binary:2.3.2=runtimeClasspath,testRuntimeClasspath
org.eclipse.rdf4j:rdf4j-rio-datatypes:2.3.2=runtimeClasspath,testRuntimeClasspath
org.eclipse.rdf4j:rdf4j-rio-jsonld:2.3.2=runtimeClasspath,testRuntimeClasspath
org.eclipse.rdf4j:rdf4j-rio-languages:2.3.2=runtimeClasspath,testRuntimeClasspath
org.eclipse.rdf4j:rdf4j-rio-n3:2.3.2=runtimeClasspath,testRuntimeClasspath
org.eclipse.rdf4j:rdf4j-rio-nquads:2.3.2=runtimeClasspath,testRuntimeClasspath
org.eclipse.rdf4j:rdf4j-rio-ntriples:2.3.2=runtimeClasspath,testRuntimeClasspath
org.eclipse.rdf4j:rdf4j-rio-rdfjson:2.3.2=runtimeClasspath,testRuntimeClasspath
org.eclipse.rdf4j:rdf4j-rio-rdfxml:2.3.2=runtimeClasspath,testRuntimeClasspath
org.eclipse.rdf4j:rdf4j-rio-trig:2.3.2=runtimeClasspath,testRuntimeClasspath
org.eclipse.rdf4j:rdf4j-rio-trix:2.3.2=runtimeClasspath,testRuntimeClasspath
org.eclipse.rdf4j:rdf4j-rio-turtle:2.3.2=runtimeClasspath,testRuntimeClasspath
org.eclipse.rdf4j:rdf4j-util:2.3.2=runtimeClasspath,testRuntimeClasspath
org.freemarker:freemarker:2.3.35=dokkaHtmlGeneratorRuntimeResolver~internal
org.fusesource.jansi:jansi:2.4.2=runtimeClasspath,testRuntimeClasspath
org.glassfish:jakarta.json:2.0.1=compileClasspath,runtimeClasspath,testCompileClasspath,testRuntimeClasspath
org.jacoco:org.jacoco.agent:0.8.15=jacocoAgent,jacocoAnt
org.jacoco:org.jacoco.ant:0.8.15=jacocoAnt
org.jacoco:org.jacoco.core:0.8.15=jacocoAnt
org.jacoco:org.jacoco.report:0.8.15=jacocoAnt
org.jetbrains.dokka:analysis-kotlin-symbols:2.2.0=dokkaHtmlGeneratorRuntimeResolver~internal
org.jetbrains.dokka:analysis-markdown:2.2.0=dokkaHtmlGeneratorRuntimeResolver~internal
org.jetbrains.dokka:dokka-base:2.2.0=dokkaHtmlGeneratorRuntimeResolver~internal,dokkaHtmlPluginIntransitiveResolver~internal
org.jetbrains.dokka:dokka-core:2.2.0=dokkaHtmlGeneratorRuntimeResolver~internal
org.jetbrains.dokka:templating-plugin:2.2.0=dokkaHtmlGeneratorRuntimeResolver~internal,dokkaHtmlPluginIntransitiveResolver~internal
org.jetbrains.kotlin:abi-tools-api:2.3.21=kotlinInternalAbiValidation
org.jetbrains.kotlin:abi-tools:2.3.21=kotlinInternalAbiValidation
org.jetbrains.kotlin:kotlin-bom:2.3.10=runtimeClasspath,testRuntimeClasspath
org.jetbrains.kotlin:kotlin-build-tools-api:2.4.0=kotlinAbiValidationCompatClasspath
org.jetbrains.kotlin:kotlin-build-tools-api:2.4.20=kotlinBuildToolsApiClasspath,kotlinCompilerClasspath,kotlinKlibCommonizerClasspath
org.jetbrains.kotlin:kotlin-build-tools-compat:2.4.20=kotlinAbiValidationCompatClasspath,kotlinBuildToolsApiClasspath,kotlinCompilerClasspath
org.jetbrains.kotlin:kotlin-build-tools-cri-impl:2.4.0=kotlinAbiValidationCompatClasspath
org.jetbrains.kotlin:kotlin-build-tools-cri-impl:2.4.20=kotlinBuildToolsApiClasspath,kotlinCompilerClasspath
org.jetbrains.kotlin:kotlin-build-tools-impl:2.4.0=kotlinAbiValidationCompatClasspath
org.jetbrains.kotlin:kotlin-build-tools-impl:2.4.20=kotlinBuildToolsApiClasspath,kotlinCompilerClasspath
org.jetbrains.kotlin:kotlin-compiler-embeddable:2.4.0=kotlinAbiValidationCompatClasspath
org.jetbrains.kotlin:kotlin-compiler-embeddable:2.4.20=kotlinBuildToolsApiClasspath,kotlinCompilerClasspath,kotlinKlibCommonizerClasspath
org.jetbrains.kotlin:kotlin-compiler-runner:2.4.0=kotlinAbiValidationCompatClasspath
org.jetbrains.kotlin:kotlin-compiler-runner:2.4.20=kotlinBuildToolsApiClasspath,kotlinCompilerClasspath
org.jetbrains.kotlin:kotlin-daemon-client:2.4.0=kotlinAbiValidationCompatClasspath
org.jetbrains.kotlin:kotlin-daemon-client:2.4.20=kotlinBuildToolsApiClasspath,kotlinCompilerClasspath
org.jetbrains.kotlin:kotlin-daemon-embeddable:2.4.0=kotlinAbiValidationCompatClasspath
org.jetbrains.kotlin:kotlin-daemon-embeddable:2.4.20=kotlinBuildToolsApiClasspath,kotlinCompilerClasspath,kotlinKlibCommonizerClasspath
org.jetbrains.kotlin:kotlin-klib-abi-reader:2.3.21=kotlinInternalAbiValidation
org.jetbrains.kotlin:kotlin-klib-commonizer-embeddable:2.4.20=kotlinKlibCommonizerClasspath
org.jetbrains.kotlin:kotlin-metadata-jvm:2.3.21=kotlinInternalAbiValidation
org.jetbrains.kotlin:kotlin-metadata-jvm:2.4.10=dependencyAnalysisKotlinMetadataClasspath
org.jetbrains.kotlin:kotlin-reflect:1.6.10=kotlinAbiValidationCompatClasspath,kotlinBuildToolsApiClasspath,kotlinCompilerClasspath,kotlinKlibCommonizerClasspath
org.jetbrains.kotlin:kotlin-reflect:2.1.21=dokkaHtmlGeneratorRuntimeResolver~internal
org.jetbrains.kotlin:kotlin-reflect:2.3.10=runtimeClasspath,testRuntimeClasspath
org.jetbrains.kotlin:kotlin-script-runtime:2.4.0=kotlinAbiValidationCompatClasspath
org.jetbrains.kotlin:kotlin-script-runtime:2.4.20=kotlinBuildToolsApiClasspath,kotlinCompilerClasspath,kotlinCompilerPluginClasspathMain,kotlinCompilerPluginClasspathTest,kotlinKlibCommonizerClasspath
org.jetbrains.kotlin:kotlin-scripting-common:2.4.20=kotlinCompilerPluginClasspathMain,kotlinCompilerPluginClasspathTest
org.jetbrains.kotlin:kotlin-scripting-compiler-embeddable:2.4.20=kotlinCompilerPluginClasspathMain,kotlinCompilerPluginClasspathTest
org.jetbrains.kotlin:kotlin-scripting-compiler-impl-embeddable:2.4.20=kotlinCompilerPluginClasspathMain,kotlinCompilerPluginClasspathTest
org.jetbrains.kotlin:kotlin-scripting-jvm:2.4.20=kotlinCompilerPluginClasspathMain,kotlinCompilerPluginClasspathTest
org.jetbrains.kotlin:kotlin-stdlib-common:2.1.21=dokkaHtmlGeneratorRuntimeResolver~internal
org.jetbrains.kotlin:kotlin-stdlib-jdk7:1.8.20=dokkaHtmlGeneratorRuntimeResolver~internal
org.jetbrains.kotlin:kotlin-stdlib-jdk8:1.8.20=dokkaHtmlGeneratorRuntimeResolver~internal
org.jetbrains.kotlin:kotlin-stdlib:2.1.21=dokkaHtmlGeneratorRuntimeResolver~internal
org.jetbrains.kotlin:kotlin-stdlib:2.3.21=kotlinInternalAbiValidation
org.jetbrains.kotlin:kotlin-stdlib:2.4.0=kotlinAbiValidationCompatClasspath
org.jetbrains.kotlin:kotlin-stdlib:2.4.20=compileClasspath,kotlinBuildToolsApiClasspath,kotlinCompilerClasspath,kotlinCompilerPluginClasspathMain,kotlinCompilerPluginClasspathTest,kotlinKlibCommonizerClasspath,runtimeClasspath,testCompileClasspath,testRuntimeClasspath
org.jetbrains.kotlin:kotlin-test-junit5:2.4.20=testCompileClasspath,testRuntimeClasspath
org.jetbrains.kotlin:kotlin-test:2.4.20=testCompileClasspath,testRuntimeClasspath
org.jetbrains.kotlin:kotlin-tooling-core:2.4.20=kotlinAbiValidationCompatClasspath,kotlinBuildToolsApiClasspath,kotlinCompilerClasspath
org.jetbrains.kotlinx:kotlinx-collections-immutable-jvm:0.4.0=runtimeClasspath,testRuntimeClasspath
org.jetbrains.kotlinx:kotlinx-collections-immutable:0.4.0=runtimeClasspath,testRuntimeClasspath
org.jetbrains.kotlinx:kotlinx-coroutines-bom:1.11.0=compileClasspath,runtimeClasspath,testCompileClasspath,testRuntimeClasspath
org.jetbrains.kotlinx:kotlinx-coroutines-bom:1.7.3=dokkaHtmlGeneratorRuntimeResolver~internal
org.jetbrains.kotlinx:kotlinx-coroutines-core-jvm:1.11.0=compileClasspath,runtimeClasspath,testCompileClasspath,testRuntimeClasspath
org.jetbrains.kotlinx:kotlinx-coroutines-core-jvm:1.7.3=dokkaHtmlGeneratorRuntimeResolver~internal
org.jetbrains.kotlinx:kotlinx-coroutines-core-jvm:1.8.0=kotlinAbiValidationCompatClasspath,kotlinBuildToolsApiClasspath,kotlinCompilerClasspath,kotlinKlibCommonizerClasspath
org.jetbrains.kotlinx:kotlinx-coroutines-core:1.11.0=compileClasspath,runtimeClasspath,testCompileClasspath,testRuntimeClasspath
org.jetbrains.kotlinx:kotlinx-coroutines-core:1.7.3=dokkaHtmlGeneratorRuntimeResolver~internal
org.jetbrains.kotlinx:kotlinx-coroutines-jdk9:1.11.0=runtimeClasspath,testRuntimeClasspath
org.jetbrains.kotlinx:kotlinx-coroutines-reactive:1.11.0=runtimeClasspath,testRuntimeClasspath
org.jetbrains.kotlinx:kotlinx-coroutines-slf4j:1.11.0=runtimeClasspath,testRuntimeClasspath
org.jetbrains.kotlinx:kotlinx-datetime-jvm:0.7.1=runtimeClasspath,testRuntimeClasspath
org.jetbrains.kotlinx:kotlinx-datetime:0.7.1=runtimeClasspath,testRuntimeClasspath
org.jetbrains.kotlinx:kotlinx-html-jvm:0.9.1=dokkaHtmlGeneratorRuntimeResolver~internal
org.jetbrains.kotlinx:kotlinx-io-bytestring-jvm:0.8.2=runtimeClasspath,testRuntimeClasspath
org.jetbrains.kotlinx:kotlinx-io-bytestring:0.8.2=runtimeClasspath,testRuntimeClasspath
org.jetbrains.kotlinx:kotlinx-io-core-jvm:0.8.2=runtimeClasspath,testRuntimeClasspath
org.jetbrains.kotlinx:kotlinx-io-core:0.8.2=runtimeClasspath,testRuntimeClasspath
org.jetbrains.kotlinx:kotlinx-schema-annotations-jvm:0.4.4=runtimeClasspath,testRuntimeClasspath
org.jetbrains.kotlinx:kotlinx-schema-annotations:0.4.4=runtimeClasspath,testRuntimeClasspath
org.jetbrains.kotlinx:kotlinx-schema-generator-core-jvm:0.4.4=runtimeClasspath,testRuntimeClasspath
org.jetbrains.kotlinx:kotlinx-schema-generator-core:0.4.4=runtimeClasspath,testRuntimeClasspath
org.jetbrains.kotlinx:kotlinx-schema-generator-json-jvm:0.4.4=runtimeClasspath,testRuntimeClasspath
org.jetbrains.kotlinx:kotlinx-schema-generator-json:0.4.4=runtimeClasspath,testRuntimeClasspath
org.jetbrains.kotlinx:kotlinx-schema-json-jvm:0.4.4=runtimeClasspath,testRuntimeClasspath
org.jetbrains.kotlinx:kotlinx-schema-json:0.4.4=runtimeClasspath,testRuntimeClasspath
org.jetbrains.kotlinx:kotlinx-serialization-bom:1.11.0=compileClasspath,runtimeClasspath,testCompileClasspath,testRuntimeClasspath
org.jetbrains.kotlinx:kotlinx-serialization-core-jvm:1.11.0=compileClasspath,runtimeClasspath,testCompileClasspath,testRuntimeClasspath
org.jetbrains.kotlinx:kotlinx-serialization-core:1.11.0=compileClasspath,runtimeClasspath,testCompileClasspath,testRuntimeClasspath
org.jetbrains.kotlinx:kotlinx-serialization-json-io-jvm:1.11.0=runtimeClasspath,testRuntimeClasspath
org.jetbrains.kotlinx:kotlinx-serialization-json-io:1.11.0=runtimeClasspath,testRuntimeClasspath
org.jetbrains.kotlinx:kotlinx-serialization-json-jvm:1.11.0=compileClasspath,runtimeClasspath,testCompileClasspath,testRuntimeClasspath
org.jetbrains.kotlinx:kotlinx-serialization-json:1.11.0=compileClasspath,runtimeClasspath,testCompileClasspath,testRuntimeClasspath
org.jetbrains:annotations:13.0=kotlinAbiValidationCompatClasspath,kotlinBuildToolsApiClasspath,kotlinCompilerClasspath,kotlinCompilerPluginClasspathMain,kotlinCompilerPluginClasspathTest,kotlinInternalAbiValidation,kotlinKlibCommonizerClasspath
org.jetbrains:annotations:23.0.0=compileClasspath,dokkaHtmlGeneratorRuntimeResolver~internal,testCompileClasspath
org.jetbrains:annotations:26.0.2-1=runtimeClasspath,testRuntimeClasspath
org.jetbrains:markdown-jvm:0.7.3=dokkaHtmlGeneratorRuntimeResolver~internal
org.jetbrains:markdown:0.7.3=dokkaHtmlGeneratorRuntimeResolver~internal
org.jsoup:jsoup:1.23.2=dokkaHtmlGeneratorRuntimeResolver~internal
org.jspecify:jspecify:1.0.0=compileClasspath,testCompileClasspath
org.jspecify:jspecify:1.0.1=runtimeClasspath,testRuntimeClasspath
org.junit.jupiter:junit-jupiter-api:5.13.4=testCompileClasspath,testRuntimeClasspath
org.junit.jupiter:junit-jupiter-engine:5.13.4=testRuntimeClasspath
org.junit.jupiter:junit-jupiter-params:5.13.4=testCompileClasspath,testRuntimeClasspath
org.junit.jupiter:junit-jupiter:5.13.4=testCompileClasspath,testRuntimeClasspath
org.junit.platform:junit-platform-commons:1.13.4=testCompileClasspath,testRuntimeClasspath
org.junit.platform:junit-platform-engine:1.13.4=testRuntimeClasspath
org.junit.platform:junit-platform-launcher:1.13.4=testRuntimeClasspath
org.junit:junit-bom:5.13.4=testCompileClasspath,testRuntimeClasspath
org.opentest4j:opentest4j:1.3.0=testCompileClasspath,testRuntimeClasspath
org.ow2.asm:asm-commons:9.10.1=jacocoAnt
org.ow2.asm:asm-tree:9.10.1=jacocoAnt
org.ow2.asm:asm:9.10.1=jacocoAnt
org.reactivestreams:reactive-streams:1.0.4=runtimeClasspath,testRuntimeClasspath
org.roaringbitmap:RoaringBitmap:1.6.15=compileClasspath,runtimeClasspath,testCompileClasspath,testRuntimeClasspath
org.slf4j:jcl-over-slf4j:2.0.18=compileClasspath,runtimeClasspath,testCompileClasspath,testRuntimeClasspath
org.slf4j:slf4j-api:2.0.20=compileClasspath,runtimeClasspath,testCompileClasspath,testRuntimeClasspath
org.slf4j:slf4j-simple:2.0.20=runtimeClasspath,testRuntimeClasspath
org.tukaani:xz:1.6=runtimeClasspath,testRuntimeClasspath
redis.clients.authentication:redis-authx-core:0.1.1-beta2=runtimeClasspath,testRuntimeClasspath
empty=annotationProcessor,dokkaHtmlModuleOutputDirectoriesResolver~internal,dokkaHtmlPublicationPluginResolver~internal,implementationDependenciesMetadata,kotlinCompilerPluginClasspath,kotlinNativeCompilerPluginClasspath,kotlinScriptDefExtensions,testAnnotationProcessor,testImplementationDependenciesMetadata,testKotlinScriptDefExtensions
